// !$*UTF8*$!
{
	archiveVersion = 1;
	classes = {
	};
	objectVersion = 60;
	objects = {

/* Begin PBXBuildFile section */
		0E25469336758B42C431A7F9 /* KeyboardShortcuts in Frameworks */ = {isa = PBXBuildFile; productRef = 84CF7173C5A869E6325AE0BF /* KeyboardShortcuts */; };
		0F7EEB4EA53DF2F43ADFBEF6 /* KeyboardShortcuts+Names.swift in Sources */ = {isa = PBXBuildFile; fileRef = 0BC2ABBEE510E67FE2BE3B81 /* KeyboardShortcuts+Names.swift */; };
		1B039DF84F33E01994A6B778 /* Mode.swift in Sources */ = {isa = PBXBuildFile; fileRef = 5A52A940C0E0BD00703CB03D /* Mode.swift */; };
		208C4A0293D43EF4ADF48951 /* OverlayController.swift in Sources */ = {isa = PBXBuildFile; fileRef = 145FEFBC3C7A6A6BD746201B /* OverlayController.swift */; };
		244993B4B30F002EC555EE17 /* OverlayWindowTests.swift in Sources */ = {isa = PBXBuildFile; fileRef = 72B0F388BBC7FD2AC3D6FFA2 /* OverlayWindowTests.swift */; };
		6F31F42976F6C05F368E76A3 /* HotkeyServiceTests.swift in Sources */ = {isa = PBXBuildFile; fileRef = 5ACB92481DB5B32344B15C0C /* HotkeyServiceTests.swift */; };
		A5D7FBD17863C5B3303D6936 /* ModeController.swift in Sources */ = {isa = PBXBuildFile; fileRef = 8B4A20C5A9AA497E1717BE97 /* ModeController.swift */; };
		B4A231B13F95C8BE9179E88D /* ModeControllerTests.swift in Sources */ = {isa = PBXBuildFile; fileRef = C1F3371A77584726FDC954F4 /* ModeControllerTests.swift */; };
		B6F718B883F26DCC1CF0C03B /* main.swift in Sources */ = {isa = PBXBuildFile; fileRef = D8F7C74C29B70B72DDB8DE90 /* main.swift */; };
		E1D1708520AE3BDAEE40A8DE /* HotkeyService.swift in Sources */ = {isa = PBXBuildFile; fileRef = 53AE3F82BF1E64962D56F17D /* HotkeyService.swift */; };
		E3622238D7375D2E918F01F7 /* XPlainTests.swift in Sources */ = {isa = PBXBuildFile; fileRef = 4D09F167839FABAE5225D701 /* XPlainTests.swift */; };
		E4F79FED67B3F7A9F5399784 /* KeyboardShortcuts in Frameworks */ = {isa = PBXBuildFile; productRef = D9FCAC2F4D9F6F80CED14158 /* KeyboardShortcuts */; };
		E54EA3CDBDC204A990EA9B60 /* OverlayWindow.swift in Sources */ = {isa = PBXBuildFile; fileRef = 2A99EAC64E53FCAE0750E23B /* OverlayWindow.swift */; };
		FD4CF7DE9759E3C12A08091A /* AppDelegate.swift in Sources */ = {isa = PBXBuildFile; fileRef = 3AA5FDD7E196925C46DDDFCA /* AppDelegate.swift */; };
/* End PBXBuildFile section */

/* Begin PBXContainerItemProxy section */
		9DAB0B5D9CC9D5E5D70063D0 /* PBXContainerItemProxy */ = {
			isa = PBXContainerItemProxy;
			containerPortal = 740BD2CE2469E22158BD7C75 /* Project object */;
			proxyType = 1;
			remoteGlobalIDString = FF7ACA99C1B546FA617D5CC0;
			remoteInfo = XPlain;
		};
/* End PBXContainerItemProxy section */

/* Begin PBXFileReference section */
		0BC2ABBEE510E67FE2BE3B81 /* KeyboardShortcuts+Names.swift */ = {isa = PBXFileReference; lastKnownFileType = sourcecode.swift; path = "KeyboardShortcuts+Names.swift"; sourceTree = "<group>"; };
		145FEFBC3C7A6A6BD746201B /* OverlayController.swift */ = {isa = PBXFileReference; lastKnownFileType = sourcecode.swift; path = OverlayController.swift; sourceTree = "<group>"; };
		2A99EAC64E53FCAE0750E23B /* OverlayWindow.swift */ = {isa = PBXFileReference; lastKnownFileType = sourcecode.swift; path = OverlayWindow.swift; sourceTree = "<group>"; };
		3AA5FDD7E196925C46DDDFCA /* AppDelegate.swift */ = {isa = PBXFileReference; lastKnownFileType = sourcecode.swift; path = AppDelegate.swift; sourceTree = "<group>"; };
		3DED5F3AE20552CB547C8681 /* XPlain.app */ = {isa = PBXFileReference; explicitFileType = wrapper.application; includeInIndex = 0; path = XPlain.app; sourceTree = BUILT_PRODUCTS_DIR; };
		4D09F167839FABAE5225D701 /* XPlainTests.swift */ = {isa = PBXFileReference; lastKnownFileType = sourcecode.swift; path = XPlainTests.swift; sourceTree = "<group>"; };
		53AE3F82BF1E64962D56F17D /* HotkeyService.swift */ = {isa = PBXFileReference; lastKnownFileType = sourcecode.swift; path = HotkeyService.swift; sourceTree = "<group>"; };
		5A52A940C0E0BD00703CB03D /* Mode.swift */ = {isa = PBXFileReference; lastKnownFileType = sourcecode.swift; path = Mode.swift; sourceTree = "<group>"; };
		5ACB92481DB5B32344B15C0C /* HotkeyServiceTests.swift */ = {isa = PBXFileReference; lastKnownFileType = sourcecode.swift; path = HotkeyServiceTests.swift; sourceTree = "<group>"; };
		6044724AAE9FC763652A82C2 /* XPlainTests.xctest */ = {isa = PBXFileReference; explicitFileType = wrapper.cfbundle; includeInIndex = 0; path = XPlainTests.xctest; sourceTree = BUILT_PRODUCTS_DIR; };
		72B0F388BBC7FD2AC3D6FFA2 /* OverlayWindowTests.swift */ = {isa = PBXFileReference; lastKnownFileType = sourcecode.swift; path = OverlayWindowTests.swift; sourceTree = "<group>"; };
		8B4A20C5A9AA497E1717BE97 /* ModeController.swift */ = {isa = PBXFileReference; lastKnownFileType = sourcecode.swift; path = ModeController.swift; sourceTree = "<group>"; };
		C1F3371A77584726FDC954F4 /* ModeControllerTests.swift */ = {isa = PBXFileReference; lastKnownFileType = sourcecode.swift; path = ModeControllerTests.swift; sourceTree = "<group>"; };
		D8F7C74C29B70B72DDB8DE90 /* main.swift */ = {isa = PBXFileReference; lastKnownFileType = sourcecode.swift; path = main.swift; sourceTree = "<group>"; };
/* End PBXFileReference section */

/* Begin PBXFrameworksBuildPhase section */
		9DDF20119A6FABB95AC6F809 /* Frameworks */ = {
			isa = PBXFrameworksBuildPhase;
			buildActionMask = 2147483647;
			files = (
				E4F79FED67B3F7A9F5399784 /* KeyboardShortcuts in Frameworks */,
			);
			runOnlyForDeploymentPostprocessing = 0;
		};
		DAE1D923CC3667E0A88D001E /* Frameworks */ = {
			isa = PBXFrameworksBuildPhase;
			buildActionMask = 2147483647;
			files = (
				0E25469336758B42C431A7F9 /* KeyboardShortcuts in Frameworks */,
			);
			runOnlyForDeploymentPostprocessing = 0;
		};
/* End PBXFrameworksBuildPhase section */

/* Begin PBXGroup section */
		63EE6E344FAB56CCC7C314CC /* Products */ = {
			isa = PBXGroup;
			children = (
				3DED5F3AE20552CB547C8681 /* XPlain.app */,
				6044724AAE9FC763652A82C2 /* XPlainTests.xctest */,
			);
			name = Products;
			sourceTree = "<group>";
		};
		78C3D6386C3B146AE17EC409 = {
			isa = PBXGroup;
			children = (
				9431C924A4B5C449FDD30885 /* XPlain */,
				A6396D2C609505E67AE2282D /* XPlainTests */,
				63EE6E344FAB56CCC7C314CC /* Products */,
			);
			sourceTree = "<group>";
		};
		9431C924A4B5C449FDD30885 /* XPlain */ = {
			isa = PBXGroup;
			children = (
				3AA5FDD7E196925C46DDDFCA /* AppDelegate.swift */,
				53AE3F82BF1E64962D56F17D /* HotkeyService.swift */,
				0BC2ABBEE510E67FE2BE3B81 /* KeyboardShortcuts+Names.swift */,
				D8F7C74C29B70B72DDB8DE90 /* main.swift */,
				5A52A940C0E0BD00703CB03D /* Mode.swift */,
				8B4A20C5A9AA497E1717BE97 /* ModeController.swift */,
				145FEFBC3C7A6A6BD746201B /* OverlayController.swift */,
				2A99EAC64E53FCAE0750E23B /* OverlayWindow.swift */,
			);
			name = XPlain;
			path = Sources/XPlain;
			sourceTree = "<group>";
		};
		A6396D2C609505E67AE2282D /* XPlainTests */ = {
			isa = PBXGroup;
			children = (
				5ACB92481DB5B32344B15C0C /* HotkeyServiceTests.swift */,
				C1F3371A77584726FDC954F4 /* ModeControllerTests.swift */,
				72B0F388BBC7FD2AC3D6FFA2 /* OverlayWindowTests.swift */,
				4D09F167839FABAE5225D701 /* XPlainTests.swift */,
			);
			name = XPlainTests;
			path = Tests/XPlainTests;
			sourceTree = "<group>";
		};
/* End PBXGroup section */

/* Begin PBXNativeTarget section */
		D233338AB5F6C3E8A4D96A07 /* XPlainTests */ = {
			isa = PBXNativeTarget;
			buildConfigurationList = B4560263C985688938594659 /* Build configuration list for PBXNativeTarget "XPlainTests" */;
			buildPhases = (
				53A8282839E433BB38E50850 /* Sources */,
				9DDF20119A6FABB95AC6F809 /* Frameworks */,
			);
			buildRules = (
			);
			dependencies = (
				D51AC6DC716D251A56E327A4 /* PBXTargetDependency */,
			);
			name = XPlainTests;
			packageProductDependencies = (
				D9FCAC2F4D9F6F80CED14158 /* KeyboardShortcuts */,
			);
			productName = XPlainTests;
			productReference = 6044724AAE9FC763652A82C2 /* XPlainTests.xctest */;
			productType = "com.apple.product-type.bundle.unit-test";
		};
		FF7ACA99C1B546FA617D5CC0 /* XPlain */ = {
			isa = PBXNativeTarget;
			buildConfigurationList = CF4B1F528380AB144BDB8863 /* Build configuration list for PBXNativeTarget "XPlain" */;
			buildPhases = (
				ED09987CCD9B37384613DB4D /* Sources */,
				DAE1D923CC3667E0A88D001E /* Frameworks */,
			);
			buildRules = (
			);
			dependencies = (
			);
			name = XPlain;
			packageProductDependencies = (
				84CF7173C5A869E6325AE0BF /* KeyboardShortcuts */,
			);
			productName = XPlain;
			productReference = 3DED5F3AE20552CB547C8681 /* XPlain.app */;
			productType = "com.apple.product-type.application";
		};
/* End PBXNativeTarget section */

/* Begin PBXProject section */
		740BD2CE2469E22158BD7C75 /* Project object */ = {
			isa = PBXProject;
			attributes = {
				BuildIndependentTargetsInParallel = YES;
				LastUpgradeCheck = 1430;
				TargetAttributes = {
					FF7ACA99C1B546FA617D5CC0 = {
						ProvisioningStyle = Automatic;
					};
				};
			};
			buildConfigurationList = 5AA4E68D4FD77C55F0F2213E /* Build configuration list for PBXProject "XPlain" */;
			developmentRegion = en;
			hasScannedForEncodings = 0;
			knownRegions = (
				Base,
				en,
			);
			mainGroup = 78C3D6386C3B146AE17EC409;
			minimizedProjectReferenceProxies = 1;
			packageReferences = (
				0E432D8A2AABC05C58F098BE /* XCRemoteSwiftPackageReference "KeyboardShortcuts" */,
			);
			preferredProjectObjectVersion = 77;
			productRefGroup = 63EE6E344FAB56CCC7C314CC /* Products */;
			projectDirPath = "";
			projectRoot = "";
			targets = (
				FF7ACA99C1B546FA617D5CC0 /* XPlain */,
				D233338AB5F6C3E8A4D96A07 /* XPlainTests */,
			);
		};
/* End PBXProject section */

/* Begin PBXSourcesBuildPhase section */
		53A8282839E433BB38E50850 /* Sources */ = {
			isa = PBXSourcesBuildPhase;
			buildActionMask = 2147483647;
			files = (
				6F31F42976F6C05F368E76A3 /* HotkeyServiceTests.swift in Sources */,
				B4A231B13F95C8BE9179E88D /* ModeControllerTests.swift in Sources */,
				244993B4B30F002EC555EE17 /* OverlayWindowTests.swift in Sources */,
				E3622238D7375D2E918F01F7 /* XPlainTests.swift in Sources */,
			);
			runOnlyForDeploymentPostprocessing = 0;
		};
		ED09987CCD9B37384613DB4D /* Sources */ = {
			isa = PBXSourcesBuildPhase;
			buildActionMask = 2147483647;
			files = (
				FD4CF7DE9759E3C12A08091A /* AppDelegate.swift in Sources */,
				E1D1708520AE3BDAEE40A8DE /* HotkeyService.swift in Sources */,
				0F7EEB4EA53DF2F43ADFBEF6 /* KeyboardShortcuts+Names.swift in Sources */,
				1B039DF84F33E01994A6B778 /* Mode.swift in Sources */,
				A5D7FBD17863C5B3303D6936 /* ModeController.swift in Sources */,
				208C4A0293D43EF4ADF48951 /* OverlayController.swift in Sources */,
				E54EA3CDBDC204A990EA9B60 /* OverlayWindow.swift in Sources */,
				B6F718B883F26DCC1CF0C03B /* main.swift in Sources */,
			);
			runOnlyForDeploymentPostprocessing = 0;
		};
/* End PBXSourcesBuildPhase section */

/* Begin PBXTargetDependency section */
		D51AC6DC716D251A56E327A4 /* PBXTargetDependency */ = {
			isa = PBXTargetDependency;
			target = FF7ACA99C1B546FA617D5CC0 /* XPlain */;
			targetProxy = 9DAB0B5D9CC9D5E5D70063D0 /* PBXContainerItemProxy */;
		};
/* End PBXTargetDependency section */

/* Begin XCBuildConfiguration section */
		0FE54E8EA7CF87CBF12FAE15 /* Release */ = {
			isa = XCBuildConfiguration;
			buildSettings = {
				ASSETCATALOG_COMPILER_APPICON_NAME = AppIcon;
				CODE_SIGN_STYLE = Automatic;
				COMBINE_HIDPI_IMAGES = YES;
				ENABLE_TESTABILITY = YES;
				GENERATE_INFOPLIST_FILE = NO;
				INFOPLIST_FILE = XPlain/Info.plist;
				LD_RUNPATH_SEARCH_PATHS = (
					"$(inherited)",
					"@executable_path/../Frameworks",
				);
				PRODUCT_BUNDLE_IDENTIFIER = com.howardgoh.XPlain;
				SDKROOT = macosx;
			};
			name = Release;
		};
		56ED061C844067C6DB9EB000 /* Debug */ = {
			isa = XCBuildConfiguration;
			buildSettings = {
				ALWAYS_SEARCH_USER_PATHS = NO;
				CLANG_ANALYZER_NONNULL = YES;
				CLANG_ANALYZER_NUMBER_OBJECT_CONVERSION = YES_AGGRESSIVE;
				CLANG_CXX_LANGUAGE_STANDARD = "gnu++14";
				CLANG_CXX_LIBRARY = "libc++";
				CLANG_ENABLE_MODULES = YES;
				CLANG_ENABLE_OBJC_ARC = YES;
				CLANG_ENABLE_OBJC_WEAK = YES;
				CLANG_WARN_BLOCK_CAPTURE_AUTORELEASING = YES;
				CLANG_WARN_BOOL_CONVERSION = YES;
				CLANG_WARN_COMMA = YES;
				CLANG_WARN_CONSTANT_CONVERSION = YES;
				CLANG_WARN_DEPRECATED_OBJC_IMPLEMENTATIONS = YES;
				CLANG_WARN_DIRECT_OBJC_ISA_USAGE = YES_ERROR;
				CLANG_WARN_DOCUMENTATION_COMMENTS = YES;
				CLANG_WARN_EMPTY_BODY = YES;
				CLANG_WARN_ENUM_CONVERSION = YES;
				CLANG_WARN_INFINITE_RECURSION = YES;
				CLANG_WARN_INT_CONVERSION = YES;
				CLANG_WARN_NON_LITERAL_NULL_CONVERSION = YES;
				CLANG_WARN_OBJC_IMPLICIT_RETAIN_SELF = YES;
				CLANG_WARN_OBJC_LITERAL_CONVERSION = YES;
				CLANG_WARN_OBJC_ROOT_CLASS = YES_ERROR;
				CLANG_WARN_QUOTED_INCLUDE_IN_FRAMEWORK_HEADER = YES;
				CLANG_WARN_RANGE_LOOP_ANALYSIS = YES;
				CLANG_WARN_STRICT_PROTOTYPES = YES;
				CLANG_WARN_SUSPICIOUS_MOVE = YES;
				CLANG_WARN_UNGUARDED_AVAILABILITY = YES_AGGRESSIVE;
				CLANG_WARN_UNREACHABLE_CODE = YES;
				CLANG_WARN__DUPLICATE_METHOD_MATCH = YES;
				COPY_PHASE_STRIP = NO;
				DEBUG_INFORMATION_FORMAT = dwarf;
				ENABLE_STRICT_OBJC_MSGSEND = YES;
				ENABLE_TESTABILITY = YES;
				GCC_C_LANGUAGE_STANDARD = gnu11;
				GCC_DYNAMIC_NO_PIC = NO;
				GCC_NO_COMMON_BLOCKS = YES;
				GCC_OPTIMIZATION_LEVEL = 0;
				GCC_PREPROCESSOR_DEFINITIONS = (
					"$(inherited)",
					"DEBUG=1",
				);
				GCC_WARN_64_TO_32_BIT_CONVERSION = YES;
				GCC_WARN_ABOUT_RETURN_TYPE = YES_ERROR;
				GCC_WARN_UNDECLARED_SELECTOR = YES;
				GCC_WARN_UNINITIALIZED_AUTOS = YES_AGGRESSIVE;
				GCC_WARN_UNUSED_FUNCTION = YES;
				GCC_WARN_UNUSED_VARIABLE = YES;
				MACOSX_DEPLOYMENT_TARGET = 14.0;
				MTL_ENABLE_DEBUG_INFO = INCLUDE_SOURCE;
				MTL_FAST_MATH = YES;
				ONLY_ACTIVE_ARCH = YES;
				PRODUCT_NAME = "$(TARGET_NAME)";
				SDKROOT = macosx;
				SWIFT_ACTIVE_COMPILATION_CONDITIONS = DEBUG;
				SWIFT_OPTIMIZATION_LEVEL = "-Onone";
				SWIFT_VERSION = 5.9;
			};
			name = Debug;
		};
		5EDBDD46F1832CFCFD8694A0 /* Release */ = {
			isa = XCBuildConfiguration;
			buildSettings = {
				ALWAYS_SEARCH_USER_PATHS = NO;
				CLANG_ANALYZER_NONNULL = YES;
				CLANG_ANALYZER_NUMBER_OBJECT_CONVERSION = YES_AGGRESSIVE;
				CLANG_CXX_LANGUAGE_STANDARD = "gnu++14";
				CLANG_CXX_LIBRARY = "libc++";
				CLANG_ENABLE_MODULES = YES;
				CLANG_ENABLE_OBJC_ARC = YES;
				CLANG_ENABLE_OBJC_WEAK = YES;
				CLANG_WARN_BLOCK_CAPTURE_AUTORELEASING = YES;
				CLANG_WARN_BOOL_CONVERSION = YES;
				CLANG_WARN_COMMA = YES;
				CLANG_WARN_CONSTANT_CONVERSION = YES;
				CLANG_WARN_DEPRECATED_OBJC_IMPLEMENTATIONS = YES;
				CLANG_WARN_DIRECT_OBJC_ISA_USAGE = YES_ERROR;
				CLANG_WARN_DOCUMENTATION_COMMENTS = YES;
				CLANG_WARN_EMPTY_BODY = YES;
				CLANG_WARN_ENUM_CONVERSION = YES;
				CLANG_WARN_INFINITE_RECURSION = YES;
				CLANG_WARN_INT_CONVERSION = YES;
				CLANG_WARN_NON_LITERAL_NULL_CONVERSION = YES;
				CLANG_WARN_OBJC_IMPLICIT_RETAIN_SELF = YES;
				CLANG_WARN_OBJC_LITERAL_CONVERSION = YES;
				CLANG_WARN_OBJC_ROOT_CLASS = YES_ERROR;
				CLANG_WARN_QUOTED_INCLUDE_IN_FRAMEWORK_HEADER = YES;
				CLANG_WARN_RANGE_LOOP_ANALYSIS = YES;
				CLANG_WARN_STRICT_PROTOTYPES = YES;
				CLANG_WARN_SUSPICIOUS_MOVE = YES;
				CLANG_WARN_UNGUARDED_AVAILABILITY = YES_AGGRESSIVE;
				CLANG_WARN_UNREACHABLE_CODE = YES;
				CLANG_WARN__DUPLICATE_METHOD_MATCH = YES;
				COPY_PHASE_STRIP = NO;
				DEBUG_INFORMATION_FORMAT = "dwarf-with-dsym";
				ENABLE_NS_ASSERTIONS = NO;
				ENABLE_STRICT_OBJC_MSGSEND = YES;
				GCC_C_LANGUAGE_STANDARD = gnu11;
				GCC_NO_COMMON_BLOCKS = YES;
				GCC_WARN_64_TO_32_BIT_CONVERSION = YES;
				GCC_WARN_ABOUT_RETURN_TYPE = YES_ERROR;
				GCC_WARN_UNDECLARED_SELECTOR = YES;
				GCC_WARN_UNINITIALIZED_AUTOS = YES_AGGRESSIVE;
				GCC_WARN_UNUSED_FUNCTION = YES;
				GCC_WARN_UNUSED_VARIABLE = YES;
				MACOSX_DEPLOYMENT_TARGET = 14.0;
				MTL_ENABLE_DEBUG_INFO = NO;
				MTL_FAST_MATH = YES;
				PRODUCT_NAME = "$(TARGET_NAME)";
				SDKROOT = macosx;
				SWIFT_COMPILATION_MODE = wholemodule;
				SWIFT_OPTIMIZATION_LEVEL = "-O";
				SWIFT_VERSION = 5.9;
			};
			name = Release;
		};
		9B738D4A9F3BDEB2A7A1D7D8 /* Debug */ = {
			isa = XCBuildConfiguration;
			buildSettings = {
				ASSETCATALOG_COMPILER_APPICON_NAME = AppIcon;
				CODE_SIGN_STYLE = Automatic;
				COMBINE_HIDPI_IMAGES = YES;
				ENABLE_TESTABILITY = YES;
				GENERATE_INFOPLIST_FILE = NO;
				INFOPLIST_FILE = XPlain/Info.plist;
				LD_RUNPATH_SEARCH_PATHS = (
					"$(inherited)",
					"@executable_path/../Frameworks",
				);
				PRODUCT_BUNDLE_IDENTIFIER = com.howardgoh.XPlain;
				SDKROOT = macosx;
			};
			name = Debug;
		};
		A1786DACB8CD4EE2B478648E /* Release */ = {
			isa = XCBuildConfiguration;
			buildSettings = {
				BUNDLE_LOADER = "$(TEST_HOST)";
				COMBINE_HIDPI_IMAGES = YES;
				GENERATE_INFOPLIST_FILE = YES;
				LD_RUNPATH_SEARCH_PATHS = (
					"$(inherited)",
					"@executable_path/../Frameworks",
					"@loader_path/../Frameworks",
				);
				PRODUCT_BUNDLE_IDENTIFIER = com.howardgoh.XPlainTests;
				SDKROOT = macosx;
				TEST_HOST = "$(BUILT_PRODUCTS_DIR)/XPlain.app/Contents/MacOS/XPlain";
			};
			name = Release;
		};
		A95ECF9482EAD77FC17F2388 /* Debug */ = {
			isa = XCBuildConfiguration;
			buildSettings = {
				BUNDLE_LOADER = "$(TEST_HOST)";
				COMBINE_HIDPI_IMAGES = YES;
				GENERATE_INFOPLIST_FILE = YES;
				LD_RUNPATH_SEARCH_PATHS = (
					"$(inherited)",
					"@executable_path/../Frameworks",
					"@loader_path/../Frameworks",
				);
				PRODUCT_BUNDLE_IDENTIFIER = com.howardgoh.XPlainTests;
				SDKROOT = macosx;
				TEST_HOST = "$(BUILT_PRODUCTS_DIR)/XPlain.app/Contents/MacOS/XPlain";
			};
			name = Debug;
		};
/* End XCBuildConfiguration section */

/* Begin XCConfigurationList section */
		5AA4E68D4FD77C55F0F2213E /* Build configuration list for PBXProject "XPlain" */ = {
			isa = XCConfigurationList;
			buildConfigurations = (
				56ED061C844067C6DB9EB000 /* Debug */,
				5EDBDD46F1832CFCFD8694A0 /* Release */,
			);
			defaultConfigurationIsVisible = 0;
			defaultConfigurationName = Debug;
		};
		B4560263C985688938594659 /* Build configuration list for PBXNativeTarget "XPlainTests" */ = {
			isa = XCConfigurationList;
			buildConfigurations = (
				A95ECF9482EAD77FC17F2388 /* Debug */,
				A1786DACB8CD4EE2B478648E /* Release */,
			);
			defaultConfigurationIsVisible = 0;
			defaultConfigurationName = Debug;
		};
		CF4B1F528380AB144BDB8863 /* Build configuration list for PBXNativeTarget "XPlain" */ = {
			isa = XCConfigurationList;
			buildConfigurations = (
				9B738D4A9F3BDEB2A7A1D7D8 /* Debug */,
				0FE54E8EA7CF87CBF12FAE15 /* Release */,
			);
			defaultConfigurationIsVisible = 0;
			defaultConfigurationName = Debug;
		};
/* End XCConfigurationList section */

/* Begin XCRemoteSwiftPackageReference section */
		0E432D8A2AABC05C58F098BE /* XCRemoteSwiftPackageReference "KeyboardShortcuts" */ = {
			isa = XCRemoteSwiftPackageReference;
			repositoryURL = "https://github.com/sindresorhus/KeyboardShortcuts";
			requirement = {
				kind = exactVersion;
				version = 1.9.4;
			};
		};
/* End XCRemoteSwiftPackageReference section */

/* Begin XCSwiftPackageProductDependency section */
		84CF7173C5A869E6325AE0BF /* KeyboardShortcuts */ = {
			isa = XCSwiftPackageProductDependency;
			package = 0E432D8A2AABC05C58F098BE /* XCRemoteSwiftPackageReference "KeyboardShortcuts" */;
			productName = KeyboardShortcuts;
		};
		D9FCAC2F4D9F6F80CED14158 /* KeyboardShortcuts */ = {
			isa = XCSwiftPackageProductDependency;
			package = 0E432D8A2AABC05C58F098BE /* XCRemoteSwiftPackageReference "KeyboardShortcuts" */;
			productName = KeyboardShortcuts;
		};
/* End XCSwiftPackageProductDependency section */
	};
	rootObject = 740BD2CE2469E22158BD7C75 /* Project object */;
}
